{
  "name": "zeolitecore",
  "version": "1.0.0",
  "lockfileVersion": 2,
  "requires": true,
  "packages": {
    "": {
      "name": "zeolitecore",
      "version": "1.0.0",
      "license": "ISC",
      "dependencies": {
        "emoji-regex": "^10.1.0",
        "eris": "^0.16.1"
      },
      "devDependencies": {
        "@types/node": "^18.0.0",
        "prettier": "^2.7.1",
        "typescript": "^4.7.3"
      }
    },
    "node_modules/@types/node": {
      "version": "18.0.0",
      "resolved": "https://registry.npmjs.org/@types/node/-/node-18.0.0.tgz",
      "integrity": "sha512-cHlGmko4gWLVI27cGJntjs/Sj8th9aYwplmZFwmmgYQQvL5NUsgVJG7OddLvNfLqYS31KFN0s3qlaD9qCaxACA==",
      "dev": true
    },
    "node_modules/emoji-regex": {
      "version": "10.1.0",
      "resolved": "https://registry.npmjs.org/emoji-regex/-/emoji-regex-10.1.0.tgz",
      "integrity": "sha512-xAEnNCT3w2Tg6MA7ly6QqYJvEoY1tm9iIjJ3yMKK9JPlWuRHAMoe5iETwQnx3M9TVbFMfsrBgWKR+IsmswwNjg=="
    },
    "node_modules/eris": {
      "version": "0.16.1",
      "resolved": "https://registry.npmjs.org/eris/-/eris-0.16.1.tgz",
      "integrity": "sha512-fqjgaddSvUlUjA7s85OvZimLrgCwX58Z6FXOIxdNFJdT6XReJ/LOWZKdew2CaalM8BvN2JKzn98HmKYb3zMhKg==",
      "dependencies": {
        "ws": "^8.2.3"
      },
      "engines": {
        "node": ">=10.4.0"
      },
      "optionalDependencies": {
        "opusscript": "^0.0.8",
        "tweetnacl": "^1.0.3"
      }
    },
    "node_modules/opusscript": {
      "version": "0.0.8",
      "resolved": "https://registry.npmjs.org/opusscript/-/opusscript-0.0.8.tgz",
      "integrity": "sha512-VSTi1aWFuCkRCVq+tx/BQ5q9fMnQ9pVZ3JU4UHKqTkf0ED3fKEPdr+gKAAl3IA2hj9rrP6iyq3hlcJq3HELtNQ==",
      "optional": true
    },
    "node_modules/prettier": {
      "version": "2.7.1",
      "resolved": "https://registry.npmjs.org/prettier/-/prettier-2.7.1.tgz",
      "integrity": "sha512-ujppO+MkdPqoVINuDFDRLClm7D78qbDt0/NR+wp5FqEZOoTNAjPHWj17QRhu7geIHJfcNhRk1XVQmF8Bp3ye+g==",
      "dev": true,
      "bin": {
        "prettier": "bin-prettier.js"
      },
      "engines": {
        "node": ">=10.13.0"
      },
      "funding": {
        "url": "https://github.com/prettier/prettier?sponsor=1"
      }
    },
    "node_modules/tweetnacl": {
      "version": "1.0.3",
      "resolved": "https://registry.npmjs.org/tweetnacl/-/tweetnacl-1.0.3.tgz",
      "integrity": "sha512-6rt+RN7aOi1nGMyC4Xa5DdYiukl2UWCbcJft7YhxReBGQD7OAM8Pbxw6YMo4r2diNEA8FEmu32YOn9rhaiE5yw==",
      "optional": true
    },
    "node_modules/typescript": {
      "version": "4.7.3",
      "resolved": "https://registry.npmjs.org/typescript/-/typescript-4.7.3.tgz",
      "integrity": "sha512-WOkT3XYvrpXx4vMMqlD+8R8R37fZkjyLGlxavMc4iB8lrl8L0DeTcHbYgw/v0N/z9wAFsgBhcsF0ruoySS22mA==",
      "dev": true,
      "bin": {
        "tsc": "bin/tsc",
        "tsserver": "bin/tsserver"
      },
      "engines": {
        "node": ">=4.2.0"
      }
    },
    "node_modules/ws": {
      "version": "8.7.0",
      "resolved": "https://registry.npmjs.org/ws/-/ws-8.7.0.tgz",
      "integrity": "sha512-c2gsP0PRwcLFzUiA8Mkr37/MI7ilIlHQxaEAtd0uNMbVMoy8puJyafRlm0bV9MbGSabUPeLrRRaqIBcFcA2Pqg==",
      "engines": {
        "node": ">=10.0.0"
      },
      "peerDependencies": {
        "bufferutil": "^4.0.1",
        "utf-8-validate": "^5.0.2"
      },
      "peerDependenciesMeta": {
        "bufferutil": {
          "optional": true
        },
        "utf-8-validate": {
          "optional": true
        }
      }
    }
  },
  "dependencies": {
    "@types/node": {
      "version": "18.0.0",
      "resolved": "https://registry.npmjs.org/@types/node/-/node-18.0.0.tgz",
      "integrity": "sha512-cHlGmko4gWLVI27cGJntjs/Sj8th9aYwplmZFwmmgYQQvL5NUsgVJG7OddLvNfLqYS31KFN0s3qlaD9qCaxACA==",
      "dev": true
    },
    "emoji-regex": {
      "version": "10.1.0",
      "resolved": "https://registry.npmjs.org/emoji-regex/-/emoji-regex-10.1.0.tgz",
      "integrity": "sha512-xAEnNCT3w2Tg6MA7ly6QqYJvEoY1tm9iIjJ3yMKK9JPlWuRHAMoe5iETwQnx3M9TVbFMfsrBgWKR+IsmswwNjg=="
    },
    "eris": {
      "version": "0.16.1",
      "resolved": "https://registry.npmjs.org/eris/-/eris-0.16.1.tgz",
      "integrity": "sha512-fqjgaddSvUlUjA7s85OvZimLrgCwX58Z6FXOIxdNFJdT6XReJ/LOWZKdew2CaalM8BvN2JKzn98HmKYb3zMhKg==",
      "requires": {
        "opusscript": "^0.0.8",
        "tweetnacl": "^1.0.3",
        "ws": "^8.2.3"
      }
    },
    "opusscript": {
      "version": "0.0.8",
      "resolved": "https://registry.npmjs.org/opusscript/-/opusscript-0.0.8.tgz",
      "integrity": "sha512-VSTi1aWFuCkRCVq+tx/BQ5q9fMnQ9pVZ3JU4UHKqTkf0ED3fKEPdr+gKAAl3IA2hj9rrP6iyq3hlcJq3HELtNQ==",
      "optional": true
    },
    "prettier": {
      "version": "2.7.1",
      "resolved": "https://registry.npmjs.org/prettier/-/prettier-2.7.1.tgz",
      "integrity": "sha512-ujppO+MkdPqoVINuDFDRLClm7D78qbDt0/NR+wp5FqEZOoTNAjPHWj17QRhu7geIHJfcNhRk1XVQmF8Bp3ye+g==",
      "dev": true
    },
    "tweetnacl": {
      "version": "1.0.3",
      "resolved": "https://registry.npmjs.org/tweetnacl/-/tweetnacl-1.0.3.tgz",
      "integrity": "sha512-6rt+RN7aOi1nGMyC4Xa5DdYiukl2UWCbcJft7YhxReBGQD7OAM8Pbxw6YMo4r2diNEA8FEmu32YOn9rhaiE5yw==",
      "optional": true
    },
    "typescript": {
      "version": "4.7.3",
      "resolved": "https://registry.npmjs.org/typescript/-/typescript-4.7.3.tgz",
      "integrity": "sha512-WOkT3XYvrpXx4vMMqlD+8R8R37fZkjyLGlxavMc4iB8lrl8L0DeTcHbYgw/v0N/z9wAFsgBhcsF0ruoySS22mA==",
      "dev": true
    },
    "ws": {
      "version": "8.7.0",
      "resolved": "https://registry.npmjs.org/ws/-/ws-8.7.0.tgz",
      "integrity": "sha512-c2gsP0PRwcLFzUiA8Mkr37/MI7ilIlHQxaEAtd0uNMbVMoy8puJyafRlm0bV9MbGSabUPeLrRRaqIBcFcA2Pqg==",
      "requires": {}
    }
  }
}
